
Microsoft Visual Studio Solution File, Format Version 12.00
# Visual Studio Version 17
VisualStudioVersion = 17.9.34701.34
MinimumVisualStudioVersion = 10.0.40219.1
Project("{FAE04EC0-301F-11D3-BF4B-00C04F79EFBC}") = "WinFormsApp2", "WinFormsApp2\WinFormsApp2.csproj", "{E5A064A2-9BCC-471C-AF64-F935FC601144}"
EndProject
Global
	GlobalSection(SolutionConfigurationPlatforms) = preSolution
		Debug|Any CPU = Debug|Any CPU
		Release|Any CPU = Release|Any CPU
	EndGlobalSection
	GlobalSection(ProjectConfigurationPlatforms) = postSolution
		{E5A064A2-9BCC-471C-AF64-F935FC601144}.Debug|Any CPU.ActiveCfg = Debug|Any CPU
		{E5A064A2-9BCC-471C-AF64-F935FC601144}.Debug|Any CPU.Build.0 = Debug|Any CPU
		{E5A064A2-9BCC-471C-AF64-F935FC601144}.Release|Any CPU.ActiveCfg = Release|Any CPU
		{E5A064A2-9BCC-471C-AF64-F935FC601144}.Release|Any CPU.Build.0 = Release|Any CPU
	EndGlobalSection
	GlobalSection(SolutionProperties) = preSolution
		HideSolutionNode = FALSE
	EndGlobalSection
	GlobalSection(ExtensibilityGlobals) = postSolution
		SolutionGuid = {D776BAF6-CB9C-44A5-A65A-BABC6C51EFEE}
	EndGlobalSection
EndGlobal
